Microsoft Visual Studio Solution File, Format Version 12.00
# Visual Studio Version 17
VisualStudioVersion = 17.5.2.0
MinimumVisualStudioVersion = 10.0.40219.1
Project("{FAE04EC0-301F-11D3-BF4B-00C04F79EFBC}") = "DragonGlareAlpha", "DragonGlareAlpha.csproj", "{D719242F-C40C-37B8-1EE5-B4AA918950C7}"
EndProject
Global
	GlobalSection(SolutionConfigurationPlatforms) = preSolution
		Debug|Any CPU = Debug|Any CPU
		Release|Any CPU = Release|Any CPU
	EndGlobalSection
	GlobalSection(ProjectConfigurationPlatforms) = postSolution
		{D719242F-C40C-37B8-1EE5-B4AA918950C7}.Debug|Any CPU.ActiveCfg = Debug|Any CPU
		{D719242F-C40C-37B8-1EE5-B4AA918950C7}.Debug|Any CPU.Build.0 = Debug|Any CPU
		{D719242F-C40C-37B8-1EE5-B4AA918950C7}.Release|Any CPU.ActiveCfg = Release|Any CPU
		{D719242F-C40C-37B8-1EE5-B4AA918950C7}.Release|Any CPU.Build.0 = Release|Any CPU
	EndGlobalSection
	GlobalSection(SolutionProperties) = preSolution
		HideSolutionNode = FALSE
	EndGlobalSection
	GlobalSection(ExtensibilityGlobals) = postSolution
		SolutionGuid = {0F823C7F-234E-4910-8527-52999444CCB4}
	EndGlobalSection
EndGlobal
